
Microsoft Visual Studio Solution File, Format Version 12.00
# Visual Studio Version 17
VisualStudioVersion = 17.13.35931.197
MinimumVisualStudioVersion = 10.0.40219.1
Project("{FAE04EC0-301F-11D3-BF4B-00C04F79EFBC}") = "LYCorePro", "LYCorePro.csproj", "{B7146442-CE89-4088-B260-5ABF1FE8E66B}"
EndProject
Project("{FAE04EC0-301F-11D3-BF4B-00C04F79EFBC}") = "PluginBase", "..\PluginBase\PluginBase.csproj", "{FC8CA533-F4CB-4F47-A57B-17C8553935F2}"
EndProject
Project("{FAE04EC0-301F-11D3-BF4B-00C04F79EFBC}") = "Plugin.TcpsComm", "..\Plugins\Plugin.TcpsComm\Plugin.TcpsComm.csproj", "{A36BF75A-5EF7-40C5-B4AE-51C1430CFD85}"
EndProject
Project("{2150E333-8FDC-42A3-9474-1A3956D46DE8}") = "Plugins", "Plugins", "{02EA681E-C7D8-13C7-8484-4AC65E1B71E8}"
EndProject
Project("{FAE04EC0-301F-11D3-BF4B-00C04F79EFBC}") = "Plugin.TcpsRead", "..\Plugins\Plugin.TcpsRead\Plugin.TcpsRead.csproj", "{8D13B4F2-9752-4A12-873B-D578A6026820}"
EndProject
Project("{FAE04EC0-301F-11D3-BF4B-00C04F79EFBC}") = "Plugin.TcpsWrite", "..\Plugins\Plugin.TcpsWrite\Plugin.TcpsWrite.csproj", "{5D87D22A-5226-D19F-60C5-195BA3B5D25E}"
EndProject
Project("{FAE04EC0-301F-11D3-BF4B-00C04F79EFBC}") = "Plugin.Regex", "..\Plugins\Plugin.Regex\Plugin.Regex.csproj", "{69C09D78-1D12-4EAE-8957-81B7F27ABAA3}"
EndProject
Project("{FAE04EC0-301F-11D3-BF4B-00C04F79EFBC}") = "Plugin.FunctionBlock", "..\Plugins\Plugin.FunctionBlock\Plugin.FunctionBlock.csproj", "{32DD6CD8-5D10-4E3E-B0C9-79524233EDA2}"
EndProject
Project("{FAE04EC0-301F-11D3-BF4B-00C04F79EFBC}") = "Plugin.SerialComm", "..\Plugins\Plugin.SerialComm\Plugin.SerialComm.csproj", "{360BD8F4-9A6A-4A40-9E5F-535D88A7911D}"
EndProject
Project("{FAE04EC0-301F-11D3-BF4B-00C04F79EFBC}") = "Plugin.SerialRead", "..\Plugins\Plugin.SerialRead\Plugin.SerialRead.csproj", "{2F2544D4-7011-434E-9D32-907B0FA477EC}"
EndProject
Project("{FAE04EC0-301F-11D3-BF4B-00C04F79EFBC}") = "Plugin.SerialWrite", "..\Plugins\Plugin.SerialWrite\Plugin.SerialWrite.csproj", "{A335E699-1DA1-4A0A-A64D-71586B235C4B}"
EndProject
Project("{FAE04EC0-301F-11D3-BF4B-00C04F79EFBC}") = "Plugin.WhileLoop", "..\Plugins\Plugin.WhileLoop\Plugin.WhileLoop.csproj", "{BC477D02-89CF-4485-BBA2-544BB5312205}"
EndProject
Project("{FAE04EC0-301F-11D3-BF4B-00C04F79EFBC}") = "Plugin.If", "..\Plugins\Plugin.If\Plugin.If.csproj", "{C7E9A1A0-B20C-4B3D-AE4A-76EF44B393C5}"
EndProject
Project("{FAE04EC0-301F-11D3-BF4B-00C04F79EFBC}") = "Plugin.DataCollection", "..\Plugins\Plugin.DataCollection\Plugin.DataCollection.csproj", "{09BAE613-B86C-4BCC-ACC8-BF735BC07E55}"
EndProject
Project("{FAE04EC0-301F-11D3-BF4B-00C04F79EFBC}") = "Plugin.DoWhileLoop", "..\Plugins\Plugin.DoWhileLoop\Plugin.DoWhileLoop.csproj", "{2E71AC56-5853-2477-89E8-1D458664D03C}"
EndProject
Project("{FAE04EC0-301F-11D3-BF4B-00C04F79EFBC}") = "Plugin.ParameterEnactment", "..\Plugins\Plugin.ParameterEnactment\Plugin.ParameterEnactment.csproj", "{8D8D93E4-4E81-9A94-CEE4-9707DA1468F6}"
EndProject
Project("{FAE04EC0-301F-11D3-BF4B-00C04F79EFBC}") = "Plugin.PythonScript", "..\Plugins\Plugin.PythonScript\Plugin.PythonScript.csproj", "{9D9D5DFA-3C7F-4978-A7A3-2DD10E4CF256}"
EndProject
Project("{FAE04EC0-301F-11D3-BF4B-00C04F79EFBC}") = "Plugin.Expression", "..\Plugins\Plugin.Expression\Plugin.Expression.csproj", "{57415A4E-FD62-4ABB-9A01-5495C0FDFEF9}"
EndProject
Project("{FAE04EC0-301F-11D3-BF4B-00C04F79EFBC}") = "Nodify.Shared", "..\Nodify.Shared\Nodify.Shared.csproj", "{E191C4A7-28ED-4947-4F84-0E4521230B36}"
EndProject
Global
	GlobalSection(SolutionConfigurationPlatforms) = preSolution
		Debug|Any CPU = Debug|Any CPU
		Release|Any CPU = Release|Any CPU
	EndGlobalSection
	GlobalSection(ProjectConfigurationPlatforms) = postSolution
		{B7146442-CE89-4088-B260-5ABF1FE8E66B}.Debug|Any CPU.ActiveCfg = Debug|Any CPU
		{B7146442-CE89-4088-B260-5ABF1FE8E66B}.Debug|Any CPU.Build.0 = Debug|Any CPU
		{B7146442-CE89-4088-B260-5ABF1FE8E66B}.Release|Any CPU.ActiveCfg = Release|Any CPU
		{B7146442-CE89-4088-B260-5ABF1FE8E66B}.Release|Any CPU.Build.0 = Release|Any CPU
		{FC8CA533-F4CB-4F47-A57B-17C8553935F2}.Debug|Any CPU.ActiveCfg = Debug|Any CPU
		{FC8CA533-F4CB-4F47-A57B-17C8553935F2}.Debug|Any CPU.Build.0 = Debug|Any CPU
		{FC8CA533-F4CB-4F47-A57B-17C8553935F2}.Release|Any CPU.ActiveCfg = Release|Any CPU
		{FC8CA533-F4CB-4F47-A57B-17C8553935F2}.Release|Any CPU.Build.0 = Release|Any CPU
		{A36BF75A-5EF7-40C5-B4AE-51C1430CFD85}.Debug|Any CPU.ActiveCfg = Debug|Any CPU
		{A36BF75A-5EF7-40C5-B4AE-51C1430CFD85}.Debug|Any CPU.Build.0 = Debug|Any CPU
		{A36BF75A-5EF7-40C5-B4AE-51C1430CFD85}.Release|Any CPU.ActiveCfg = Release|Any CPU
		{A36BF75A-5EF7-40C5-B4AE-51C1430CFD85}.Release|Any CPU.Build.0 = Release|Any CPU
		{8D13B4F2-9752-4A12-873B-D578A6026820}.Debug|Any CPU.ActiveCfg = Debug|Any CPU
		{8D13B4F2-9752-4A12-873B-D578A6026820}.Debug|Any CPU.Build.0 = Debug|Any CPU
		{8D13B4F2-9752-4A12-873B-D578A6026820}.Release|Any CPU.ActiveCfg = Release|Any CPU
		{8D13B4F2-9752-4A12-873B-D578A6026820}.Release|Any CPU.Build.0 = Release|Any CPU
		{5D87D22A-5226-D19F-60C5-195BA3B5D25E}.Debug|Any CPU.ActiveCfg = Debug|Any CPU
		{5D87D22A-5226-D19F-60C5-195BA3B5D25E}.Debug|Any CPU.Build.0 = Debug|Any CPU
		{5D87D22A-5226-D19F-60C5-195BA3B5D25E}.Release|Any CPU.ActiveCfg = Release|Any CPU
		{5D87D22A-5226-D19F-60C5-195BA3B5D25E}.Release|Any CPU.Build.0 = Release|Any CPU
		{69C09D78-1D12-4EAE-8957-81B7F27ABAA3}.Debug|Any CPU.ActiveCfg = Debug|Any CPU
		{69C09D78-1D12-4EAE-8957-81B7F27ABAA3}.Debug|Any CPU.Build.0 = Debug|Any CPU
		{69C09D78-1D12-4EAE-8957-81B7F27ABAA3}.Release|Any CPU.ActiveCfg = Release|Any CPU
		{69C09D78-1D12-4EAE-8957-81B7F27ABAA3}.Release|Any CPU.Build.0 = Release|Any CPU
		{32DD6CD8-5D10-4E3E-B0C9-79524233EDA2}.Debug|Any CPU.ActiveCfg = Debug|Any CPU
		{32DD6CD8-5D10-4E3E-B0C9-79524233EDA2}.Debug|Any CPU.Build.0 = Debug|Any CPU
		{32DD6CD8-5D10-4E3E-B0C9-79524233EDA2}.Release|Any CPU.ActiveCfg = Release|Any CPU
		{32DD6CD8-5D10-4E3E-B0C9-79524233EDA2}.Release|Any CPU.Build.0 = Release|Any CPU
		{360BD8F4-9A6A-4A40-9E5F-535D88A7911D}.Debug|Any CPU.ActiveCfg = Debug|Any CPU
		{360BD8F4-9A6A-4A40-9E5F-535D88A7911D}.Debug|Any CPU.Build.0 = Debug|Any CPU
		{360BD8F4-9A6A-4A40-9E5F-535D88A7911D}.Release|Any CPU.ActiveCfg = Release|Any CPU
		{360BD8F4-9A6A-4A40-9E5F-535D88A7911D}.Release|Any CPU.Build.0 = Release|Any CPU
		{2F2544D4-7011-434E-9D32-907B0FA477EC}.Debug|Any CPU.ActiveCfg = Debug|Any CPU
		{2F2544D4-7011-434E-9D32-907B0FA477EC}.Debug|Any CPU.Build.0 = Debug|Any CPU
		{2F2544D4-7011-434E-9D32-907B0FA477EC}.Release|Any CPU.ActiveCfg = Release|Any CPU
		{2F2544D4-7011-434E-9D32-907B0FA477EC}.Release|Any CPU.Build.0 = Release|Any CPU
		{A335E699-1DA1-4A0A-A64D-71586B235C4B}.Debug|Any CPU.ActiveCfg = Debug|Any CPU
		{A335E699-1DA1-4A0A-A64D-71586B235C4B}.Debug|Any CPU.Build.0 = Debug|Any CPU
		{A335E699-1DA1-4A0A-A64D-71586B235C4B}.Release|Any CPU.ActiveCfg = Release|Any CPU
		{A335E699-1DA1-4A0A-A64D-71586B235C4B}.Release|Any CPU.Build.0 = Release|Any CPU
		{BC477D02-89CF-4485-BBA2-544BB5312205}.Debug|Any CPU.ActiveCfg = Debug|Any CPU
		{BC477D02-89CF-4485-BBA2-544BB5312205}.Debug|Any CPU.Build.0 = Debug|Any CPU
		{BC477D02-89CF-4485-BBA2-544BB5312205}.Release|Any CPU.ActiveCfg = Release|Any CPU
		{BC477D02-89CF-4485-BBA2-544BB5312205}.Release|Any CPU.Build.0 = Release|Any CPU
		{C7E9A1A0-B20C-4B3D-AE4A-76EF44B393C5}.Debug|Any CPU.ActiveCfg = Debug|Any CPU
		{C7E9A1A0-B20C-4B3D-AE4A-76EF44B393C5}.Debug|Any CPU.Build.0 = Debug|Any CPU
		{C7E9A1A0-B20C-4B3D-AE4A-76EF44B393C5}.Release|Any CPU.ActiveCfg = Release|Any CPU
		{C7E9A1A0-B20C-4B3D-AE4A-76EF44B393C5}.Release|Any CPU.Build.0 = Release|Any CPU
		{09BAE613-B86C-4BCC-ACC8-BF735BC07E55}.Debug|Any CPU.ActiveCfg = Debug|Any CPU
		{09BAE613-B86C-4BCC-ACC8-BF735BC07E55}.Debug|Any CPU.Build.0 = Debug|Any CPU
		{09BAE613-B86C-4BCC-ACC8-BF735BC07E55}.Release|Any CPU.ActiveCfg = Release|Any CPU
		{09BAE613-B86C-4BCC-ACC8-BF735BC07E55}.Release|Any CPU.Build.0 = Release|Any CPU
		{2E71AC56-5853-2477-89E8-1D458664D03C}.Debug|Any CPU.ActiveCfg = Debug|Any CPU
		{2E71AC56-5853-2477-89E8-1D458664D03C}.Debug|Any CPU.Build.0 = Debug|Any CPU
		{2E71AC56-5853-2477-89E8-1D458664D03C}.Release|Any CPU.ActiveCfg = Release|Any CPU
		{2E71AC56-5853-2477-89E8-1D458664D03C}.Release|Any CPU.Build.0 = Release|Any CPU
		{8D8D93E4-4E81-9A94-CEE4-9707DA1468F6}.Debug|Any CPU.ActiveCfg = Debug|Any CPU
		{8D8D93E4-4E81-9A94-CEE4-9707DA1468F6}.Debug|Any CPU.Build.0 = Debug|Any CPU
		{8D8D93E4-4E81-9A94-CEE4-9707DA1468F6}.Release|Any CPU.ActiveCfg = Release|Any CPU
		{8D8D93E4-4E81-9A94-CEE4-9707DA1468F6}.Release|Any CPU.Build.0 = Release|Any CPU
		{9D9D5DFA-3C7F-4978-A7A3-2DD10E4CF256}.Debug|Any CPU.ActiveCfg = Debug|Any CPU
		{9D9D5DFA-3C7F-4978-A7A3-2DD10E4CF256}.Debug|Any CPU.Build.0 = Debug|Any CPU
		{9D9D5DFA-3C7F-4978-A7A3-2DD10E4CF256}.Release|Any CPU.ActiveCfg = Release|Any CPU
		{9D9D5DFA-3C7F-4978-A7A3-2DD10E4CF256}.Release|Any CPU.Build.0 = Release|Any CPU
		{57415A4E-FD62-4ABB-9A01-5495C0FDFEF9}.Debug|Any CPU.ActiveCfg = Debug|Any CPU
		{57415A4E-FD62-4ABB-9A01-5495C0FDFEF9}.Debug|Any CPU.Build.0 = Debug|Any CPU
		{57415A4E-FD62-4ABB-9A01-5495C0FDFEF9}.Release|Any CPU.ActiveCfg = Release|Any CPU
		{57415A4E-FD62-4ABB-9A01-5495C0FDFEF9}.Release|Any CPU.Build.0 = Release|Any CPU
		{E191C4A7-28ED-4947-4F84-0E4521230B36}.Debug|Any CPU.ActiveCfg = Debug|Any CPU
		{E191C4A7-28ED-4947-4F84-0E4521230B36}.Debug|Any CPU.Build.0 = Debug|Any CPU
		{E191C4A7-28ED-4947-4F84-0E4521230B36}.Release|Any CPU.ActiveCfg = Release|Any CPU
		{E191C4A7-28ED-4947-4F84-0E4521230B36}.Release|Any CPU.Build.0 = Release|Any CPU
	EndGlobalSection
	GlobalSection(SolutionProperties) = preSolution
		HideSolutionNode = FALSE
	EndGlobalSection
	GlobalSection(NestedProjects) = preSolution
		{A36BF75A-5EF7-40C5-B4AE-51C1430CFD85} = {02EA681E-C7D8-13C7-8484-4AC65E1B71E8}
		{8D13B4F2-9752-4A12-873B-D578A6026820} = {02EA681E-C7D8-13C7-8484-4AC65E1B71E8}
		{5D87D22A-5226-D19F-60C5-195BA3B5D25E} = {02EA681E-C7D8-13C7-8484-4AC65E1B71E8}
		{69C09D78-1D12-4EAE-8957-81B7F27ABAA3} = {02EA681E-C7D8-13C7-8484-4AC65E1B71E8}
		{32DD6CD8-5D10-4E3E-B0C9-79524233EDA2} = {02EA681E-C7D8-13C7-8484-4AC65E1B71E8}
		{360BD8F4-9A6A-4A40-9E5F-535D88A7911D} = {02EA681E-C7D8-13C7-8484-4AC65E1B71E8}
		{2F2544D4-7011-434E-9D32-907B0FA477EC} = {02EA681E-C7D8-13C7-8484-4AC65E1B71E8}
		{A335E699-1DA1-4A0A-A64D-71586B235C4B} = {02EA681E-C7D8-13C7-8484-4AC65E1B71E8}
		{BC477D02-89CF-4485-BBA2-544BB5312205} = {02EA681E-C7D8-13C7-8484-4AC65E1B71E8}
		{C7E9A1A0-B20C-4B3D-AE4A-76EF44B393C5} = {02EA681E-C7D8-13C7-8484-4AC65E1B71E8}
		{09BAE613-B86C-4BCC-ACC8-BF735BC07E55} = {02EA681E-C7D8-13C7-8484-4AC65E1B71E8}
		{2E71AC56-5853-2477-89E8-1D458664D03C} = {02EA681E-C7D8-13C7-8484-4AC65E1B71E8}
		{8D8D93E4-4E81-9A94-CEE4-9707DA1468F6} = {02EA681E-C7D8-13C7-8484-4AC65E1B71E8}
		{9D9D5DFA-3C7F-4978-A7A3-2DD10E4CF256} = {02EA681E-C7D8-13C7-8484-4AC65E1B71E8}
		{57415A4E-FD62-4ABB-9A01-5495C0FDFEF9} = {02EA681E-C7D8-13C7-8484-4AC65E1B71E8}
	EndGlobalSection
	GlobalSection(ExtensibilityGlobals) = postSolution
		SolutionGuid = {5D8736DB-EA3B-4FDC-B3B0-A712EE2F0EA0}
	EndGlobalSection
EndGlobal
